{
  "name": "com.example.custombrowser",
  "version": "1.0.0",
  "lockfileVersion": 2,
  "requires": true,
  "packages": {
    "": {
      "name": "com.example.custombrowser",
      "version": "1.0.0",
      "license": "Apache-2.0",
      "devDependencies": {
        "cordova-plugin-inappbrowser": "^6.0.0",
        "cordova-plugin-safariviewcontroller": "^2.0.0"
      }
    },
    "node_modules/cordova-plugin-inappbrowser": {
      "version": "6.0.0",
      "resolved": "https://registry.npmjs.org/cordova-plugin-inappbrowser/-/cordova-plugin-inappbrowser-6.0.0.tgz",
      "integrity": "sha512-nMJ67YQZwkx1WMfA4tKFdVdTg6FNkh/nQflP1uMw0RVe/cP2kfDrO3SbpUr8yKahpWdSQl1Lmd8D3KKzuAjucA==",
      "dev": true,
      "engines": {
        "cordovaDependencies": {
          "0.2.3": {
            "cordova": ">=3.1.0"
          },
          "4.0.0": {
            "cordova": ">=3.1.0",
            "cordova-ios": ">=4.0.0"
          },
          "5.0.0": {
            "cordova": ">=9.0.0",
            "cordova-android": ">=9.0.0",
            "cordova-ios": ">=6.0.0"
          },
          "6.0.0": {
            "cordova": ">=9.0.0",
            "cordova-android": ">=10.0.0",
            "cordova-ios": ">=6.0.0"
          },
          "7.0.0": {
            "cordova": ">100"
          }
        }
      }
    },
    "node_modules/cordova-plugin-safariviewcontroller": {
      "version": "2.0.0",
      "resolved": "https://registry.npmjs.org/cordova-plugin-safariviewcontroller/-/cordova-plugin-safariviewcontroller-2.0.0.tgz",
      "integrity": "sha512-pYYM4hcS9YsS47N97HA5dIG7JAVrsCLaD/RLG/0rBfFuGVWQmu776TazPjrvZs3chZDYQTLPZGkx4othrig0AQ==",
      "dev": true,
      "engines": [
        {
          "name": "cordova",
          "version": ">=3.0.0"
        }
      ]
    }
  },
  "dependencies": {
    "cordova-plugin-inappbrowser": {
      "version": "6.0.0",
      "resolved": "https://registry.npmjs.org/cordova-plugin-inappbrowser/-/cordova-plugin-inappbrowser-6.0.0.tgz",
      "integrity": "sha512-nMJ67YQZwkx1WMfA4tKFdVdTg6FNkh/nQflP1uMw0RVe/cP2kfDrO3SbpUr8yKahpWdSQl1Lmd8D3KKzuAjucA==",
      "dev": true
    },
    "cordova-plugin-safariviewcontroller": {
      "version": "2.0.0",
      "resolved": "https://registry.npmjs.org/cordova-plugin-safariviewcontroller/-/cordova-plugin-safariviewcontroller-2.0.0.tgz",
      "integrity": "sha512-pYYM4hcS9YsS47N97HA5dIG7JAVrsCLaD/RLG/0rBfFuGVWQmu776TazPjrvZs3chZDYQTLPZGkx4othrig0AQ==",
      "dev": true
    }
  }
}
